Microsoft Visual Studio Solution File, Format Version 12.00
# Visual Studio Version 17
VisualStudioVersion = 17.5.2.0
MinimumVisualStudioVersion = 10.0.40219.1
Project("{FAE04EC0-301F-11D3-BF4B-00C04F79EFBC}") = "Sinal", "Sinal.csproj", "{0EA89774-A3E4-456F-F94E-5D69134EAD94}"
EndProject
Global
	GlobalSection(SolutionConfigurationPlatforms) = preSolution
		Debug|Any CPU = Debug|Any CPU
		Release|Any CPU = Release|Any CPU
	EndGlobalSection
	GlobalSection(ProjectConfigurationPlatforms) = postSolution
		{0EA89774-A3E4-456F-F94E-5D69134EAD94}.Debug|Any CPU.ActiveCfg = Debug|Any CPU
		{0EA89774-A3E4-456F-F94E-5D69134EAD94}.Debug|Any CPU.Build.0 = Debug|Any CPU
		{0EA89774-A3E4-456F-F94E-5D69134EAD94}.Release|Any CPU.ActiveCfg = Release|Any CPU
		{0EA89774-A3E4-456F-F94E-5D69134EAD94}.Release|Any CPU.Build.0 = Release|Any CPU
	EndGlobalSection
	GlobalSection(SolutionProperties) = preSolution
		HideSolutionNode = FALSE
	EndGlobalSection
	GlobalSection(ExtensibilityGlobals) = postSolution
		SolutionGuid = {11F5D4B5-D573-4A51-A21A-FF35CF04EF7C}
	EndGlobalSection
EndGlobal
